
Microsoft Visual Studio Solution File, Format Version 12.00
# Visual Studio 15
VisualStudioVersion = 15.0.28010.2050
MinimumVisualStudioVersion = 10.0.40219.1
Project("{FAE04EC0-301F-11D3-BF4B-00C04F79EFBC}") = "Epam.Task3.1.Round", "Epam.Task3.1.Round\Epam.Task3.1.Round.csproj", "{46E113FC-48FD-437B-B2B2-1E318596C3DA}"
EndProject
Project("{FAE04EC0-301F-11D3-BF4B-00C04F79EFBC}") = "Epam.Task3.2.Triangle", "Epam.Task3.2.Triangle\Epam.Task3.2.Triangle.csproj", "{2B8664F7-0986-4E57-AB3F-9231823D0E4B}"
EndProject
Project("{FAE04EC0-301F-11D3-BF4B-00C04F79EFBC}") = "Epam.Task3.3.User", "Epam.Task3.3.User\Epam.Task3.3.User.csproj", "{FBE0B3EF-1CE1-4D80-ABFA-57FCC6D2E85A}"
EndProject
Project("{FAE04EC0-301F-11D3-BF4B-00C04F79EFBC}") = "Epam.Task3.4.MyString", "Epam.Task3.4.MyString\Epam.Task3.4.MyString.csproj", "{FE72905A-0AEA-4856-80E7-BD3FE7391F23}"
EndProject
Project("{FAE04EC0-301F-11D3-BF4B-00C04F79EFBC}") = "Epam.Task3.5.Employee", "Epam.Task3.5.Employee\Epam.Task3.5.Employee.csproj", "{96E95E3B-45A3-4D78-91D6-89939ABC5F81}"
EndProject
Project("{FAE04EC0-301F-11D3-BF4B-00C04F79EFBC}") = "Epam.Task3.6.Ring", "Epam.Task3.6.Ring\Epam.Task3.6.Ring.csproj", "{FBA2626C-EEFC-4A14-8DB9-A95AA3E015BE}"
EndProject
Project("{FAE04EC0-301F-11D3-BF4B-00C04F79EFBC}") = "Epam.Task3.7.VectorGraphicsEditor", "Epam.Task3.7.VectorGraphicsEditor\Epam.Task3.7.VectorGraphicsEditor.csproj", "{04A6A8E6-98A8-48CE-817B-0DE00EA4DF65}"
EndProject
Global
	GlobalSection(SolutionConfigurationPlatforms) = preSolution
		Debug|Any CPU = Debug|Any CPU
		Release|Any CPU = Release|Any CPU
	EndGlobalSection
	GlobalSection(ProjectConfigurationPlatforms) = postSolution
		{46E113FC-48FD-437B-B2B2-1E318596C3DA}.Debug|Any CPU.ActiveCfg = Debug|Any CPU
		{46E113FC-48FD-437B-B2B2-1E318596C3DA}.Debug|Any CPU.Build.0 = Debug|Any CPU
		{46E113FC-48FD-437B-B2B2-1E318596C3DA}.Release|Any CPU.ActiveCfg = Release|Any CPU
		{46E113FC-48FD-437B-B2B2-1E318596C3DA}.Release|Any CPU.Build.0 = Release|Any CPU
		{2B8664F7-0986-4E57-AB3F-9231823D0E4B}.Debug|Any CPU.ActiveCfg = Debug|Any CPU
		{2B8664F7-0986-4E57-AB3F-9231823D0E4B}.Debug|Any CPU.Build.0 = Debug|Any CPU
		{2B8664F7-0986-4E57-AB3F-9231823D0E4B}.Release|Any CPU.ActiveCfg = Release|Any CPU
		{2B8664F7-0986-4E57-AB3F-9231823D0E4B}.Release|Any CPU.Build.0 = Release|Any CPU
		{FBE0B3EF-1CE1-4D80-ABFA-57FCC6D2E85A}.Debug|Any CPU.ActiveCfg = Debug|Any CPU
		{FBE0B3EF-1CE1-4D80-ABFA-57FCC6D2E85A}.Debug|Any CPU.Build.0 = Debug|Any CPU
		{FBE0B3EF-1CE1-4D80-ABFA-57FCC6D2E85A}.Release|Any CPU.ActiveCfg = Release|Any CPU
		{FBE0B3EF-1CE1-4D80-ABFA-57FCC6D2E85A}.Release|Any CPU.Build.0 = Release|Any CPU
		{FE72905A-0AEA-4856-80E7-BD3FE7391F23}.Debug|Any CPU.ActiveCfg = Debug|Any CPU
		{FE72905A-0AEA-4856-80E7-BD3FE7391F23}.Debug|Any CPU.Build.0 = Debug|Any CPU
		{FE72905A-0AEA-4856-80E7-BD3FE7391F23}.Release|Any CPU.ActiveCfg = Release|Any CPU
		{FE72905A-0AEA-4856-80E7-BD3FE7391F23}.Release|Any CPU.Build.0 = Release|Any CPU
		{96E95E3B-45A3-4D78-91D6-89939ABC5F81}.Debug|Any CPU.ActiveCfg = Debug|Any CPU
		{96E95E3B-45A3-4D78-91D6-89939ABC5F81}.Debug|Any CPU.Build.0 = Debug|Any CPU
		{96E95E3B-45A3-4D78-91D6-89939ABC5F81}.Release|Any CPU.ActiveCfg = Release|Any CPU
		{96E95E3B-45A3-4D78-91D6-89939ABC5F81}.Release|Any CPU.Build.0 = Release|Any CPU
		{FBA2626C-EEFC-4A14-8DB9-A95AA3E015BE}.Debug|Any CPU.ActiveCfg = Debug|Any CPU
		{FBA2626C-EEFC-4A14-8DB9-A95AA3E015BE}.Debug|Any CPU.Build.0 = Debug|Any CPU
		{FBA2626C-EEFC-4A14-8DB9-A95AA3E015BE}.Release|Any CPU.ActiveCfg = Release|Any CPU
		{FBA2626C-EEFC-4A14-8DB9-A95AA3E015BE}.Release|Any CPU.Build.0 = Release|Any CPU
		{04A6A8E6-98A8-48CE-817B-0DE00EA4DF65}.Debug|Any CPU.ActiveCfg = Debug|Any CPU
		{04A6A8E6-98A8-48CE-817B-0DE00EA4DF65}.Debug|Any CPU.Build.0 = Debug|Any CPU
		{04A6A8E6-98A8-48CE-817B-0DE00EA4DF65}.Release|Any CPU.ActiveCfg = Release|Any CPU
		{04A6A8E6-98A8-48CE-817B-0DE00EA4DF65}.Release|Any CPU.Build.0 = Release|Any CPU
	EndGlobalSection
	GlobalSection(SolutionProperties) = preSolution
		HideSolutionNode = FALSE
	EndGlobalSection
	GlobalSection(ExtensibilityGlobals) = postSolution
		SolutionGuid = {78D650B8-8D80-4EC4-86C0-7EA2BDD106DA}
	EndGlobalSection
EndGlobal
