
Microsoft Visual Studio Solution File, Format Version 12.00
# Visual Studio 15
VisualStudioVersion = 15.0.28010.2050
MinimumVisualStudioVersion = 10.0.40219.1
Project("{FAE04EC0-301F-11D3-BF4B-00C04F79EFBC}") = "Epam.Task2.1.Rectangle", "Epam.Task2.Rectangle\Epam.Task2.1.Rectangle.csproj", "{41D080D3-2390-41FC-BB9E-F69ECCAC4ADA}"
EndProject
Project("{FAE04EC0-301F-11D3-BF4B-00C04F79EFBC}") = "Epam.Task2.2.Triangle", "Epam.Task2.Triangle\Epam.Task2.2.Triangle.csproj", "{22D34C45-A42C-4DDC-80DB-6E72123EC0AB}"
EndProject
Project("{FAE04EC0-301F-11D3-BF4B-00C04F79EFBC}") = "Epam.Task2.4.X-mas_tree", "Epam.Task2.X-mas_tree\Epam.Task2.4.X-mas_tree.csproj", "{3995FF54-1113-4F3A-BDAB-45699D69BAC8}"
EndProject
Project("{FAE04EC0-301F-11D3-BF4B-00C04F79EFBC}") = "Epam.Task2.5.SumOfNumbers", "Epam.Task2.5.SumOfNumbers\Epam.Task2.5.SumOfNumbers.csproj", "{BFFB8820-B228-41ED-8544-32A09F61C96D}"
EndProject
Project("{FAE04EC0-301F-11D3-BF4B-00C04F79EFBC}") = "Epam.Task2.3.AnotherTriangle", "Epam.Task2.3.AnotherTriangle\Epam.Task2.3.AnotherTriangle.csproj", "{BD6F1549-F78C-4E85-89B9-5B2373120047}"
EndProject
Project("{FAE04EC0-301F-11D3-BF4B-00C04F79EFBC}") = "Epam.Task2.6.FontAdjustment", "Epam.Task2.6.FontAdjustment\Epam.Task2.6.FontAdjustment.csproj", "{4FD403AD-4435-4341-8FE7-7A99D4171EAD}"
EndProject
Project("{FAE04EC0-301F-11D3-BF4B-00C04F79EFBC}") = "Epam.Task2.7.ArrayProcessing", "Epam.Task2.7.ArrayProcessing\Epam.Task2.7.ArrayProcessing.csproj", "{0C1B5107-E660-41A0-B93E-E9AD27C00A28}"
EndProject
Project("{FAE04EC0-301F-11D3-BF4B-00C04F79EFBC}") = "Epam.Task2.8.NoPositive", "Epam.Task2.8.NoPositive\Epam.Task2.8.NoPositive.csproj", "{7EC13697-DF57-4121-AC47-B59CB0EE514A}"
EndProject
Project("{FAE04EC0-301F-11D3-BF4B-00C04F79EFBC}") = "Epam.Task2.9.Non-NegativeSum", "Epam.Task2.9.Non-NegativeSum\Epam.Task2.9.Non-NegativeSum.csproj", "{B6156150-F3B4-4D1D-8B51-CC39A42A2566}"
EndProject
Project("{FAE04EC0-301F-11D3-BF4B-00C04F79EFBC}") = "Epam.Task2.10.2DArray", "Epam.Task2.10.2DArray\Epam.Task2.10.2DArray.csproj", "{AC912DA6-505D-49C4-8CA8-5CFF16628D44}"
EndProject
Project("{FAE04EC0-301F-11D3-BF4B-00C04F79EFBC}") = "Epam.Task2.11.AverageStringLength", "Epam.Task2.11.AverageStringLength\Epam.Task2.11.AverageStringLength.csproj", "{BA84EBDD-8768-43B6-8367-A7D2FC7A3586}"
EndProject
Project("{FAE04EC0-301F-11D3-BF4B-00C04F79EFBC}") = "Epam.Task2.12.CharDoubler", "Epam.Task2.12.CharDoubler\Epam.Task2.12.CharDoubler.csproj", "{C7E80182-124C-405F-A1E1-3242B4789477}"
EndProject
Global
	GlobalSection(SolutionConfigurationPlatforms) = preSolution
		Debug|Any CPU = Debug|Any CPU
		Release|Any CPU = Release|Any CPU
	EndGlobalSection
	GlobalSection(ProjectConfigurationPlatforms) = postSolution
		{41D080D3-2390-41FC-BB9E-F69ECCAC4ADA}.Debug|Any CPU.ActiveCfg = Debug|Any CPU
		{41D080D3-2390-41FC-BB9E-F69ECCAC4ADA}.Debug|Any CPU.Build.0 = Debug|Any CPU
		{41D080D3-2390-41FC-BB9E-F69ECCAC4ADA}.Release|Any CPU.ActiveCfg = Release|Any CPU
		{41D080D3-2390-41FC-BB9E-F69ECCAC4ADA}.Release|Any CPU.Build.0 = Release|Any CPU
		{22D34C45-A42C-4DDC-80DB-6E72123EC0AB}.Debug|Any CPU.ActiveCfg = Debug|Any CPU
		{22D34C45-A42C-4DDC-80DB-6E72123EC0AB}.Debug|Any CPU.Build.0 = Debug|Any CPU
		{22D34C45-A42C-4DDC-80DB-6E72123EC0AB}.Release|Any CPU.ActiveCfg = Release|Any CPU
		{22D34C45-A42C-4DDC-80DB-6E72123EC0AB}.Release|Any CPU.Build.0 = Release|Any CPU
		{3995FF54-1113-4F3A-BDAB-45699D69BAC8}.Debug|Any CPU.ActiveCfg = Debug|Any CPU
		{3995FF54-1113-4F3A-BDAB-45699D69BAC8}.Debug|Any CPU.Build.0 = Debug|Any CPU
		{3995FF54-1113-4F3A-BDAB-45699D69BAC8}.Release|Any CPU.ActiveCfg = Release|Any CPU
		{3995FF54-1113-4F3A-BDAB-45699D69BAC8}.Release|Any CPU.Build.0 = Release|Any CPU
		{BFFB8820-B228-41ED-8544-32A09F61C96D}.Debug|Any CPU.ActiveCfg = Debug|Any CPU
		{BFFB8820-B228-41ED-8544-32A09F61C96D}.Debug|Any CPU.Build.0 = Debug|Any CPU
		{BFFB8820-B228-41ED-8544-32A09F61C96D}.Release|Any CPU.ActiveCfg = Release|Any CPU
		{BFFB8820-B228-41ED-8544-32A09F61C96D}.Release|Any CPU.Build.0 = Release|Any CPU
		{BD6F1549-F78C-4E85-89B9-5B2373120047}.Debug|Any CPU.ActiveCfg = Debug|Any CPU
		{BD6F1549-F78C-4E85-89B9-5B2373120047}.Debug|Any CPU.Build.0 = Debug|Any CPU
		{BD6F1549-F78C-4E85-89B9-5B2373120047}.Release|Any CPU.ActiveCfg = Release|Any CPU
		{BD6F1549-F78C-4E85-89B9-5B2373120047}.Release|Any CPU.Build.0 = Release|Any CPU
		{4FD403AD-4435-4341-8FE7-7A99D4171EAD}.Debug|Any CPU.ActiveCfg = Debug|Any CPU
		{4FD403AD-4435-4341-8FE7-7A99D4171EAD}.Debug|Any CPU.Build.0 = Debug|Any CPU
		{4FD403AD-4435-4341-8FE7-7A99D4171EAD}.Release|Any CPU.ActiveCfg = Release|Any CPU
		{4FD403AD-4435-4341-8FE7-7A99D4171EAD}.Release|Any CPU.Build.0 = Release|Any CPU
		{0C1B5107-E660-41A0-B93E-E9AD27C00A28}.Debug|Any CPU.ActiveCfg = Debug|Any CPU
		{0C1B5107-E660-41A0-B93E-E9AD27C00A28}.Debug|Any CPU.Build.0 = Debug|Any CPU
		{0C1B5107-E660-41A0-B93E-E9AD27C00A28}.Release|Any CPU.ActiveCfg = Release|Any CPU
		{0C1B5107-E660-41A0-B93E-E9AD27C00A28}.Release|Any CPU.Build.0 = Release|Any CPU
		{7EC13697-DF57-4121-AC47-B59CB0EE514A}.Debug|Any CPU.ActiveCfg = Debug|Any CPU
		{7EC13697-DF57-4121-AC47-B59CB0EE514A}.Debug|Any CPU.Build.0 = Debug|Any CPU
		{7EC13697-DF57-4121-AC47-B59CB0EE514A}.Release|Any CPU.ActiveCfg = Release|Any CPU
		{7EC13697-DF57-4121-AC47-B59CB0EE514A}.Release|Any CPU.Build.0 = Release|Any CPU
		{B6156150-F3B4-4D1D-8B51-CC39A42A2566}.Debug|Any CPU.ActiveCfg = Debug|Any CPU
		{B6156150-F3B4-4D1D-8B51-CC39A42A2566}.Debug|Any CPU.Build.0 = Debug|Any CPU
		{B6156150-F3B4-4D1D-8B51-CC39A42A2566}.Release|Any CPU.ActiveCfg = Release|Any CPU
		{B6156150-F3B4-4D1D-8B51-CC39A42A2566}.Release|Any CPU.Build.0 = Release|Any CPU
		{AC912DA6-505D-49C4-8CA8-5CFF16628D44}.Debug|Any CPU.ActiveCfg = Debug|Any CPU
		{AC912DA6-505D-49C4-8CA8-5CFF16628D44}.Debug|Any CPU.Build.0 = Debug|Any CPU
		{AC912DA6-505D-49C4-8CA8-5CFF16628D44}.Release|Any CPU.ActiveCfg = Release|Any CPU
		{AC912DA6-505D-49C4-8CA8-5CFF16628D44}.Release|Any CPU.Build.0 = Release|Any CPU
		{BA84EBDD-8768-43B6-8367-A7D2FC7A3586}.Debug|Any CPU.ActiveCfg = Debug|Any CPU
		{BA84EBDD-8768-43B6-8367-A7D2FC7A3586}.Debug|Any CPU.Build.0 = Debug|Any CPU
		{BA84EBDD-8768-43B6-8367-A7D2FC7A3586}.Release|Any CPU.ActiveCfg = Release|Any CPU
		{BA84EBDD-8768-43B6-8367-A7D2FC7A3586}.Release|Any CPU.Build.0 = Release|Any CPU
		{C7E80182-124C-405F-A1E1-3242B4789477}.Debug|Any CPU.ActiveCfg = Debug|Any CPU
		{C7E80182-124C-405F-A1E1-3242B4789477}.Debug|Any CPU.Build.0 = Debug|Any CPU
		{C7E80182-124C-405F-A1E1-3242B4789477}.Release|Any CPU.ActiveCfg = Release|Any CPU
		{C7E80182-124C-405F-A1E1-3242B4789477}.Release|Any CPU.Build.0 = Release|Any CPU
	EndGlobalSection
	GlobalSection(SolutionProperties) = preSolution
		HideSolutionNode = FALSE
	EndGlobalSection
	GlobalSection(ExtensibilityGlobals) = postSolution
		SolutionGuid = {237E4B01-8C8F-4C76-8132-AF6A4DF6E1DD}
	EndGlobalSection
EndGlobal
