
Microsoft Visual Studio Solution File, Format Version 12.00
# Visual Studio 15
VisualStudioVersion = 15.0.28010.2050
MinimumVisualStudioVersion = 10.0.40219.1
Project("{2150E333-8FDC-42A3-9474-1A3956D46DE8}") = "BLL", "BLL", "{FDA7A337-0844-46F9-8034-326E27FAF1A4}"
EndProject
Project("{2150E333-8FDC-42A3-9474-1A3956D46DE8}") = "PL", "PL", "{6815428E-5270-4CE1-8A36-62A4C1F0B3C9}"
EndProject
Project("{2150E333-8FDC-42A3-9474-1A3956D46DE8}") = "DAL", "DAL", "{2EA4DB88-5100-4EBA-B521-2AB16747FBF4}"
EndProject
Project("{FAE04EC0-301F-11D3-BF4B-00C04F79EFBC}") = "Epam.Task7.1.Users.BLL", "Epam.Task7.1.Users.BLL\Epam.Task7.1.Users.BLL.csproj", "{DB6EA504-1EE9-4F68-9367-14E7882D4564}"
EndProject
Project("{FAE04EC0-301F-11D3-BF4B-00C04F79EFBC}") = "Epam.Task7.1.Users.BLL.Interface", "Epam.Task7.1.Users.BLL.Interface\Epam.Task7.1.Users.BLL.Interface.csproj", "{3773538D-3D75-4491-AFD5-8D0BD4965C39}"
EndProject
Project("{FAE04EC0-301F-11D3-BF4B-00C04F79EFBC}") = "Epam.Task.7.1.Users.DAL", "Epam.Task.7.1.Users.DAL\Epam.Task.7.1.Users.DAL.csproj", "{BC36CE0D-9E7F-4C54-B7E6-65926E13BF32}"
EndProject
Project("{FAE04EC0-301F-11D3-BF4B-00C04F79EFBC}") = "Epam.Task7.1.Users.DAL.Interface", "Epam.Task7.1.Users.DAL.Interface\Epam.Task7.1.Users.DAL.Interface.csproj", "{2C145CA8-3044-4751-B7BD-CCF68AF73179}"
EndProject
Project("{2150E333-8FDC-42A3-9474-1A3956D46DE8}") = "Common", "Common", "{A2EBCF8C-955F-4FA4-BB10-0CA06C82512E}"
EndProject
Project("{FAE04EC0-301F-11D3-BF4B-00C04F79EFBC}") = "Epam.Task7.1.Users.Entities", "Epam.Task7.1.Users.Entities\Epam.Task7.1.Users.Entities.csproj", "{FBBD04C4-D18F-4788-A36C-2B19F2ED8BC7}"
EndProject
Project("{FAE04EC0-301F-11D3-BF4B-00C04F79EFBC}") = "Epam.Task7.1.Users.ConsolePL", "Epam.Task7.1.Users.ConsolePL\Epam.Task7.1.Users.ConsolePL.csproj", "{0C9AB29E-4DC6-4F56-906D-EC3CEBD01AB5}"
EndProject
Project("{FAE04EC0-301F-11D3-BF4B-00C04F79EFBC}") = "Epam.Task7.1.Users.Common", "Epam.Task7.1.Users.Common\Epam.Task7.1.Users.Common.csproj", "{6B42F40A-4BF3-4DD6-8939-D2BE7568F3CC}"
EndProject
Global
	GlobalSection(SolutionConfigurationPlatforms) = preSolution
		Debug|Any CPU = Debug|Any CPU
		Release|Any CPU = Release|Any CPU
	EndGlobalSection
	GlobalSection(ProjectConfigurationPlatforms) = postSolution
		{DB6EA504-1EE9-4F68-9367-14E7882D4564}.Debug|Any CPU.ActiveCfg = Debug|Any CPU
		{DB6EA504-1EE9-4F68-9367-14E7882D4564}.Debug|Any CPU.Build.0 = Debug|Any CPU
		{DB6EA504-1EE9-4F68-9367-14E7882D4564}.Release|Any CPU.ActiveCfg = Release|Any CPU
		{DB6EA504-1EE9-4F68-9367-14E7882D4564}.Release|Any CPU.Build.0 = Release|Any CPU
		{3773538D-3D75-4491-AFD5-8D0BD4965C39}.Debug|Any CPU.ActiveCfg = Debug|Any CPU
		{3773538D-3D75-4491-AFD5-8D0BD4965C39}.Debug|Any CPU.Build.0 = Debug|Any CPU
		{3773538D-3D75-4491-AFD5-8D0BD4965C39}.Release|Any CPU.ActiveCfg = Release|Any CPU
		{3773538D-3D75-4491-AFD5-8D0BD4965C39}.Release|Any CPU.Build.0 = Release|Any CPU
		{BC36CE0D-9E7F-4C54-B7E6-65926E13BF32}.Debug|Any CPU.ActiveCfg = Debug|Any CPU
		{BC36CE0D-9E7F-4C54-B7E6-65926E13BF32}.Debug|Any CPU.Build.0 = Debug|Any CPU
		{BC36CE0D-9E7F-4C54-B7E6-65926E13BF32}.Release|Any CPU.ActiveCfg = Release|Any CPU
		{BC36CE0D-9E7F-4C54-B7E6-65926E13BF32}.Release|Any CPU.Build.0 = Release|Any CPU
		{2C145CA8-3044-4751-B7BD-CCF68AF73179}.Debug|Any CPU.ActiveCfg = Debug|Any CPU
		{2C145CA8-3044-4751-B7BD-CCF68AF73179}.Debug|Any CPU.Build.0 = Debug|Any CPU
		{2C145CA8-3044-4751-B7BD-CCF68AF73179}.Release|Any CPU.ActiveCfg = Release|Any CPU
		{2C145CA8-3044-4751-B7BD-CCF68AF73179}.Release|Any CPU.Build.0 = Release|Any CPU
		{FBBD04C4-D18F-4788-A36C-2B19F2ED8BC7}.Debug|Any CPU.ActiveCfg = Debug|Any CPU
		{FBBD04C4-D18F-4788-A36C-2B19F2ED8BC7}.Debug|Any CPU.Build.0 = Debug|Any CPU
		{FBBD04C4-D18F-4788-A36C-2B19F2ED8BC7}.Release|Any CPU.ActiveCfg = Release|Any CPU
		{FBBD04C4-D18F-4788-A36C-2B19F2ED8BC7}.Release|Any CPU.Build.0 = Release|Any CPU
		{0C9AB29E-4DC6-4F56-906D-EC3CEBD01AB5}.Debug|Any CPU.ActiveCfg = Debug|Any CPU
		{0C9AB29E-4DC6-4F56-906D-EC3CEBD01AB5}.Debug|Any CPU.Build.0 = Debug|Any CPU
		{0C9AB29E-4DC6-4F56-906D-EC3CEBD01AB5}.Release|Any CPU.ActiveCfg = Release|Any CPU
		{0C9AB29E-4DC6-4F56-906D-EC3CEBD01AB5}.Release|Any CPU.Build.0 = Release|Any CPU
		{6B42F40A-4BF3-4DD6-8939-D2BE7568F3CC}.Debug|Any CPU.ActiveCfg = Debug|Any CPU
		{6B42F40A-4BF3-4DD6-8939-D2BE7568F3CC}.Debug|Any CPU.Build.0 = Debug|Any CPU
		{6B42F40A-4BF3-4DD6-8939-D2BE7568F3CC}.Release|Any CPU.ActiveCfg = Release|Any CPU
		{6B42F40A-4BF3-4DD6-8939-D2BE7568F3CC}.Release|Any CPU.Build.0 = Release|Any CPU
	EndGlobalSection
	GlobalSection(SolutionProperties) = preSolution
		HideSolutionNode = FALSE
	EndGlobalSection
	GlobalSection(NestedProjects) = preSolution
		{DB6EA504-1EE9-4F68-9367-14E7882D4564} = {FDA7A337-0844-46F9-8034-326E27FAF1A4}
		{3773538D-3D75-4491-AFD5-8D0BD4965C39} = {FDA7A337-0844-46F9-8034-326E27FAF1A4}
		{BC36CE0D-9E7F-4C54-B7E6-65926E13BF32} = {2EA4DB88-5100-4EBA-B521-2AB16747FBF4}
		{2C145CA8-3044-4751-B7BD-CCF68AF73179} = {2EA4DB88-5100-4EBA-B521-2AB16747FBF4}
		{FBBD04C4-D18F-4788-A36C-2B19F2ED8BC7} = {A2EBCF8C-955F-4FA4-BB10-0CA06C82512E}
		{0C9AB29E-4DC6-4F56-906D-EC3CEBD01AB5} = {6815428E-5270-4CE1-8A36-62A4C1F0B3C9}
		{6B42F40A-4BF3-4DD6-8939-D2BE7568F3CC} = {A2EBCF8C-955F-4FA4-BB10-0CA06C82512E}
	EndGlobalSection
	GlobalSection(ExtensibilityGlobals) = postSolution
		SolutionGuid = {025EC94B-D78D-4749-85EE-3F8EC413911A}
	EndGlobalSection
EndGlobal
