
Microsoft Visual Studio Solution File, Format Version 12.00
# Visual Studio 15
VisualStudioVersion = 15.0.28010.2050
MinimumVisualStudioVersion = 10.0.40219.1
Project("{FAE04EC0-301F-11D3-BF4B-00C04F79EFBC}") = "Epam.Task5.1.Custom.Sort", "Epam.Task5.1.Custom.Sort\Epam.Task5.1.Custom.Sort.csproj", "{96F7A38F-25E8-4A58-9862-77B289CE8439}"
EndProject
Project("{FAE04EC0-301F-11D3-BF4B-00C04F79EFBC}") = "Epam.Task5.2.CustomSortDemo", "Epam.Task5.2.CustomSortDemo\Epam.Task5.2.CustomSortDemo.csproj", "{B5D842B4-676B-4E75-8A1B-F4E16D5F45E1}"
EndProject
Project("{FAE04EC0-301F-11D3-BF4B-00C04F79EFBC}") = "Epam.Task5.3.SortingUnit", "Epam.Task5.3.SortingUnit\Epam.Task5.3.SortingUnit.csproj", "{63FC3EA2-6461-44B5-80F3-F7950DE9086E}"
EndProject
Project("{FAE04EC0-301F-11D3-BF4B-00C04F79EFBC}") = "Epam.Task5.4.NumberArraySum", "Epam.Task5.4.NumberArraySum\Epam.Task5.4.NumberArraySum.csproj", "{6BB064BF-2F37-449A-8CC7-4145B1D7F331}"
EndProject
Project("{FAE04EC0-301F-11D3-BF4B-00C04F79EFBC}") = "Epam.Task5.5.ToIntOrNotToInt", "Epam.Task5.5.ToIntOrNotToInt\Epam.Task5.5.ToIntOrNotToInt.csproj", "{F2EA6F20-B79A-4834-A06D-1CF116D4ED6D}"
EndProject
Project("{FAE04EC0-301F-11D3-BF4B-00C04F79EFBC}") = "Epam.Task5.6.ISeekYou", "Epam.Task5.6.ISeekYou\Epam.Task5.6.ISeekYou.csproj", "{2D2CEFA9-23AF-4998-B937-DBF2371E3098}"
EndProject
Global
	GlobalSection(SolutionConfigurationPlatforms) = preSolution
		Debug|Any CPU = Debug|Any CPU
		Release|Any CPU = Release|Any CPU
	EndGlobalSection
	GlobalSection(ProjectConfigurationPlatforms) = postSolution
		{96F7A38F-25E8-4A58-9862-77B289CE8439}.Debug|Any CPU.ActiveCfg = Debug|Any CPU
		{96F7A38F-25E8-4A58-9862-77B289CE8439}.Debug|Any CPU.Build.0 = Debug|Any CPU
		{96F7A38F-25E8-4A58-9862-77B289CE8439}.Release|Any CPU.ActiveCfg = Release|Any CPU
		{96F7A38F-25E8-4A58-9862-77B289CE8439}.Release|Any CPU.Build.0 = Release|Any CPU
		{B5D842B4-676B-4E75-8A1B-F4E16D5F45E1}.Debug|Any CPU.ActiveCfg = Debug|Any CPU
		{B5D842B4-676B-4E75-8A1B-F4E16D5F45E1}.Debug|Any CPU.Build.0 = Debug|Any CPU
		{B5D842B4-676B-4E75-8A1B-F4E16D5F45E1}.Release|Any CPU.ActiveCfg = Release|Any CPU
		{B5D842B4-676B-4E75-8A1B-F4E16D5F45E1}.Release|Any CPU.Build.0 = Release|Any CPU
		{63FC3EA2-6461-44B5-80F3-F7950DE9086E}.Debug|Any CPU.ActiveCfg = Debug|Any CPU
		{63FC3EA2-6461-44B5-80F3-F7950DE9086E}.Debug|Any CPU.Build.0 = Debug|Any CPU
		{63FC3EA2-6461-44B5-80F3-F7950DE9086E}.Release|Any CPU.ActiveCfg = Release|Any CPU
		{63FC3EA2-6461-44B5-80F3-F7950DE9086E}.Release|Any CPU.Build.0 = Release|Any CPU
		{6BB064BF-2F37-449A-8CC7-4145B1D7F331}.Debug|Any CPU.ActiveCfg = Debug|Any CPU
		{6BB064BF-2F37-449A-8CC7-4145B1D7F331}.Debug|Any CPU.Build.0 = Debug|Any CPU
		{6BB064BF-2F37-449A-8CC7-4145B1D7F331}.Release|Any CPU.ActiveCfg = Release|Any CPU
		{6BB064BF-2F37-449A-8CC7-4145B1D7F331}.Release|Any CPU.Build.0 = Release|Any CPU
		{F2EA6F20-B79A-4834-A06D-1CF116D4ED6D}.Debug|Any CPU.ActiveCfg = Debug|Any CPU
		{F2EA6F20-B79A-4834-A06D-1CF116D4ED6D}.Debug|Any CPU.Build.0 = Debug|Any CPU
		{F2EA6F20-B79A-4834-A06D-1CF116D4ED6D}.Release|Any CPU.ActiveCfg = Release|Any CPU
		{F2EA6F20-B79A-4834-A06D-1CF116D4ED6D}.Release|Any CPU.Build.0 = Release|Any CPU
		{2D2CEFA9-23AF-4998-B937-DBF2371E3098}.Debug|Any CPU.ActiveCfg = Debug|Any CPU
		{2D2CEFA9-23AF-4998-B937-DBF2371E3098}.Debug|Any CPU.Build.0 = Debug|Any CPU
		{2D2CEFA9-23AF-4998-B937-DBF2371E3098}.Release|Any CPU.ActiveCfg = Release|Any CPU
		{2D2CEFA9-23AF-4998-B937-DBF2371E3098}.Release|Any CPU.Build.0 = Release|Any CPU
	EndGlobalSection
	GlobalSection(SolutionProperties) = preSolution
		HideSolutionNode = FALSE
	EndGlobalSection
	GlobalSection(ExtensibilityGlobals) = postSolution
		SolutionGuid = {1ECA8AA7-4058-46AB-986A-C6DADB0071A8}
	EndGlobalSection
EndGlobal
